
Microsoft Visual Studio Solution File, Format Version 12.00
# Visual Studio Version 17
VisualStudioVersion = 17.7.34221.43
MinimumVisualStudioVersion = 10.0.40219.1
Project("{FAE04EC0-301F-11D3-BF4B-00C04F79EFBC}") = "STU SolariaOS", "STU SolariaOS.csproj", "{B126B0F8-BD7F-4609-B64D-B1A5C8ACD763}"
EndProject
Global
	GlobalSection(SolutionConfigurationPlatforms) = preSolution
		Debug|x64 = Debug|x64
	EndGlobalSection
	GlobalSection(ProjectConfigurationPlatforms) = postSolution
		{B126B0F8-BD7F-4609-B64D-B1A5C8ACD763}.Debug|x64.ActiveCfg = Debug|x64
		{B126B0F8-BD7F-4609-B64D-B1A5C8ACD763}.Debug|x64.Build.0 = Debug|x64
	EndGlobalSection
	GlobalSection(SolutionProperties) = preSolution
		HideSolutionNode = FALSE
	EndGlobalSection
	GlobalSection(ExtensibilityGlobals) = postSolution
		SolutionGuid = {C0F86A84-5853-4413-9F2D-A4441478DA4B}
	EndGlobalSection
EndGlobal
