
Microsoft Visual Studio Solution File, Format Version 12.00
# Visual Studio Version 17
VisualStudioVersion = 17.7.34221.43
MinimumVisualStudioVersion = 10.0.40219.1
Project("{FAE04EC0-301F-11D3-BF4B-00C04F79EFBC}") = "STU Auto Miner HQ", "STU Auto Miner HQ.csproj", "{2127A69C-7877-4AFD-ADA2-460648FD1E06}"
EndProject
Global
	GlobalSection(SolutionConfigurationPlatforms) = preSolution
		Debug|x64 = Debug|x64
	EndGlobalSection
	GlobalSection(ProjectConfigurationPlatforms) = postSolution
		{2127A69C-7877-4AFD-ADA2-460648FD1E06}.Debug|x64.ActiveCfg = Debug|x64
		{2127A69C-7877-4AFD-ADA2-460648FD1E06}.Debug|x64.Build.0 = Debug|x64
	EndGlobalSection
	GlobalSection(SolutionProperties) = preSolution
		HideSolutionNode = FALSE
	EndGlobalSection
	GlobalSection(ExtensibilityGlobals) = postSolution
		SolutionGuid = {C9D00DDC-0707-4B19-B9F6-C10058B4001D}
	EndGlobalSection
EndGlobal
