
Microsoft Visual Studio Solution File, Format Version 12.00
# Visual Studio Version 17
VisualStudioVersion = 17.7.34221.43
MinimumVisualStudioVersion = 10.0.40219.1
Project("{FAE04EC0-301F-11D3-BF4B-00C04F79EFBC}") = "LCD Experimenter", "LCD Experimenter.csproj", "{AB08961C-9A15-4204-96EA-9CB8590A1895}"
EndProject
Project("{D954291E-2A0B-460D-934E-DC6B0785DB48}") = "STU Display", "..\..\Shared Projects\Displays\STU Display\STU Display.shproj", "{57B50592-7BEB-4012-A879-DEF8C4C735F0}"
EndProject
Project("{D954291E-2A0B-460D-934E-DC6B0785DB48}") = "STU Display Draw Mapper", "..\..\Shared Projects\Displays\STU Display Draw Mapper\STU Display Draw Mapper.shproj", "{23E2D3A8-97CD-4E45-889C-1798F06F4240}"
EndProject
Project("{D954291E-2A0B-460D-934E-DC6B0785DB48}") = "STU Display Type", "..\..\Shared Projects\Displays\STU Display Type\STU Display Type.shproj", "{A2C2A7B0-3894-43F4-8EB5-71BFC87BE730}"
EndProject
Project("{D954291E-2A0B-460D-934E-DC6B0785DB48}") = "STU Log", "..\..\Shared Projects\Logging\STU Log\STU Log.shproj", "{6EE22094-1878-45BC-805C-D32278F9C704}"
EndProject
Global
	GlobalSection(SolutionConfigurationPlatforms) = preSolution
		Debug|x64 = Debug|x64
	EndGlobalSection
	GlobalSection(ProjectConfigurationPlatforms) = postSolution
		{AB08961C-9A15-4204-96EA-9CB8590A1895}.Debug|x64.ActiveCfg = Debug|x64
		{AB08961C-9A15-4204-96EA-9CB8590A1895}.Debug|x64.Build.0 = Debug|x64
	EndGlobalSection
	GlobalSection(SolutionProperties) = preSolution
		HideSolutionNode = FALSE
	EndGlobalSection
	GlobalSection(ExtensibilityGlobals) = postSolution
		SolutionGuid = {8F4C502C-A3C8-465F-B9C0-A2DCFEEABC56}
	EndGlobalSection
	GlobalSection(SharedMSBuildProjectFiles) = preSolution
		..\..\Shared Projects\Displays\STU Display Draw Mapper\STU_Display_Draw_Mapper.projitems*{23e2d3a8-97cd-4e45-889c-1798f06f4240}*SharedItemsImports = 13
		..\..\Shared Projects\Displays\STU Display\STU_Display.projitems*{57b50592-7beb-4012-a879-def8c4c735f0}*SharedItemsImports = 13
		..\..\Shared Projects\Logging\STU Log\STU_Log.projitems*{6ee22094-1878-45bc-805c-d32278f9c704}*SharedItemsImports = 13
		..\..\Shared Projects\Displays\STU Display Type\STU_Display_Type.projitems*{a2c2a7b0-3894-43f4-8eb5-71bfc87be730}*SharedItemsImports = 13
		..\..\Shared Projects\Displays\STU Display Draw Mapper\STU_Display_Draw_Mapper.projitems*{ab08961c-9a15-4204-96ea-9cb8590a1895}*SharedItemsImports = 4
		..\..\Shared Projects\Displays\STU Display Type\STU_Display_Type.projitems*{ab08961c-9a15-4204-96ea-9cb8590a1895}*SharedItemsImports = 4
		..\..\Shared Projects\Displays\STU Display\STU_Display.projitems*{ab08961c-9a15-4204-96ea-9cb8590a1895}*SharedItemsImports = 4
		..\..\Shared Projects\Logging\STU Log\STU_Log.projitems*{ab08961c-9a15-4204-96ea-9cb8590a1895}*SharedItemsImports = 4
	EndGlobalSection
EndGlobal
