
Microsoft Visual Studio Solution File, Format Version 12.00
# Visual Studio Version 17
VisualStudioVersion = 17.7.34221.43
MinimumVisualStudioVersion = 10.0.40219.1
Project("{FAE04EC0-301F-11D3-BF4B-00C04F79EFBC}") = "STU Flight Controller Tester", "STU Flight Controller Tester.csproj", "{794CB642-6246-49D0-9CBA-48763B8A83E5}"
EndProject
Project("{D954291E-2A0B-460D-934E-DC6B0785DB48}") = "STU Flight Controller", "..\..\Shared Projects\Flight\STU Flight Controller\STU Flight Controller.shproj", "{C606C84C-C957-4859-BE77-23907A2B1B72}"
EndProject
Project("{D954291E-2A0B-460D-934E-DC6B0785DB48}") = "STU Galactic Map", "..\..\Shared Projects\Flight\STU Galactic Map\STU Galactic Map.shproj", "{83207D78-9012-4EA3-AC3F-5FEA6193E59A}"
EndProject
Project("{D954291E-2A0B-460D-934E-DC6B0785DB48}") = "STU Display", "..\..\Shared Projects\Displays\STU Display\STU Display.shproj", "{57B50592-7BEB-4012-A879-DEF8C4C735F0}"
EndProject
Project("{D954291E-2A0B-460D-934E-DC6B0785DB48}") = "STU Log", "..\..\Shared Projects\Logging\STU Log\STU Log.shproj", "{6EE22094-1878-45BC-805C-D32278F9C704}"
EndProject
Project("{D954291E-2A0B-460D-934E-DC6B0785DB48}") = "STU Display Draw Mapper", "..\..\Shared Projects\Displays\STU Display Draw Mapper\STU Display Draw Mapper.shproj", "{23E2D3A8-97CD-4E45-889C-1798F06F4240}"
EndProject
Project("{D954291E-2A0B-460D-934E-DC6B0785DB48}") = "STU Display Type", "..\..\Shared Projects\Displays\STU Display Type\STU Display Type.shproj", "{A2C2A7B0-3894-43F4-8EB5-71BFC87BE730}"
EndProject
Project("{D954291E-2A0B-460D-934E-DC6B0785DB48}") = "STU Image", "..\..\Shared Projects\Displays\STU Image\STU Image.shproj", "{7D53F862-DF1C-4FC4-92F8-49568E15C32B}"
EndProject
Project("{D954291E-2A0B-460D-934E-DC6B0785DB48}") = "STU State Machine", "..\..\Shared Projects\Misc\STU State Machine\STU State Machine.shproj", "{4FB19E00-BD67-4421-AD35-D02F6C4C181B}"
EndProject
Global
	GlobalSection(SolutionConfigurationPlatforms) = preSolution
		Debug|x64 = Debug|x64
	EndGlobalSection
	GlobalSection(ProjectConfigurationPlatforms) = postSolution
		{794CB642-6246-49D0-9CBA-48763B8A83E5}.Debug|x64.ActiveCfg = Debug|x64
		{794CB642-6246-49D0-9CBA-48763B8A83E5}.Debug|x64.Build.0 = Debug|x64
	EndGlobalSection
	GlobalSection(SolutionProperties) = preSolution
		HideSolutionNode = FALSE
	EndGlobalSection
	GlobalSection(ExtensibilityGlobals) = postSolution
		SolutionGuid = {1D463395-128B-4038-84B7-32F0EB24BDAA}
	EndGlobalSection
	GlobalSection(SharedMSBuildProjectFiles) = preSolution
		..\..\Shared Projects\Displays\STU Display Draw Mapper\STU_Display_Draw_Mapper.projitems*{23e2d3a8-97cd-4e45-889c-1798f06f4240}*SharedItemsImports = 13
		..\..\Shared Projects\Misc\STU State Machine\STU_State_Machine.projitems*{4fb19e00-bd67-4421-ad35-d02f6c4c181b}*SharedItemsImports = 13
		..\..\Shared Projects\Displays\STU Display\STU_Display.projitems*{57b50592-7beb-4012-a879-def8c4c735f0}*SharedItemsImports = 13
		..\..\Shared Projects\Logging\STU Log\STU_Log.projitems*{6ee22094-1878-45bc-805c-d32278f9c704}*SharedItemsImports = 13
		..\..\Shared Projects\Displays\STU Display Draw Mapper\STU_Display_Draw_Mapper.projitems*{794cb642-6246-49d0-9cba-48763b8a83e5}*SharedItemsImports = 4
		..\..\Shared Projects\Displays\STU Display Type\STU_Display_Type.projitems*{794cb642-6246-49d0-9cba-48763b8a83e5}*SharedItemsImports = 4
		..\..\Shared Projects\Displays\STU Display\STU_Display.projitems*{794cb642-6246-49d0-9cba-48763b8a83e5}*SharedItemsImports = 4
		..\..\Shared Projects\Displays\STU Image\STU_Image.projitems*{794cb642-6246-49d0-9cba-48763b8a83e5}*SharedItemsImports = 4
		..\..\Shared Projects\Flight\STU Flight Controller\STU_Flight_Controller.projitems*{794cb642-6246-49d0-9cba-48763b8a83e5}*SharedItemsImports = 4
		..\..\Shared Projects\Flight\STU Galactic Map\STU_Galactic_Map.projitems*{794cb642-6246-49d0-9cba-48763b8a83e5}*SharedItemsImports = 4
		..\..\Shared Projects\Logging\STU Log\STU_Log.projitems*{794cb642-6246-49d0-9cba-48763b8a83e5}*SharedItemsImports = 4
		..\..\Shared Projects\Misc\STU State Machine\STU_State_Machine.projitems*{794cb642-6246-49d0-9cba-48763b8a83e5}*SharedItemsImports = 4
		..\..\Shared Projects\Displays\STU Image\STU_Image.projitems*{7d53f862-df1c-4fc4-92f8-49568e15c32b}*SharedItemsImports = 13
		..\..\Shared Projects\Flight\STU Galactic Map\STU_Galactic_Map.projitems*{83207d78-9012-4ea3-ac3f-5fea6193e59a}*SharedItemsImports = 13
		..\..\Shared Projects\Displays\STU Display Type\STU_Display_Type.projitems*{a2c2a7b0-3894-43f4-8eb5-71bfc87be730}*SharedItemsImports = 13
		..\..\Shared Projects\Flight\STU Flight Controller\STU_Flight_Controller.projitems*{c606c84c-c957-4859-be77-23907a2b1b72}*SharedItemsImports = 13
	EndGlobalSection
EndGlobal
